// !$*UTF8*$!
{
	archiveVersion = 1;
	classes = {
	};
	objectVersion = 56;
	objects = {

/* Begin PBXBuildFile section */
		234064E328992D8D00DB9E7F /* CryptholicApp.swift in Sources */ = {isa = PBXBuildFile; fileRef = 234064E228992D8D00DB9E7F /* CryptholicApp.swift */; };
		234064E528992D8D00DB9E7F /* ContentView.swift in Sources */ = {isa = PBXBuildFile; fileRef = 234064E428992D8D00DB9E7F /* ContentView.swift */; };
		234064E728992D8E00DB9E7F /* Assets.xcassets in Resources */ = {isa = PBXBuildFile; fileRef = 234064E628992D8E00DB9E7F /* Assets.xcassets */; };
		234064EA28992D8E00DB9E7F /* Preview Assets.xcassets in Resources */ = {isa = PBXBuildFile; fileRef = 234064E928992D8E00DB9E7F /* Preview Assets.xcassets */; };
		234064F528992ECD00DB9E7F /* TabManager.swift in Sources */ = {isa = PBXBuildFile; fileRef = 234064F428992ECD00DB9E7F /* TabManager.swift */; };
		234064F828992FAB00DB9E7F /* NavigationTabs.swift in Sources */ = {isa = PBXBuildFile; fileRef = 234064F728992FAB00DB9E7F /* NavigationTabs.swift */; };
		234064FB289936FA00DB9E7F /* NavigationViewModel.swift in Sources */ = {isa = PBXBuildFile; fileRef = 234064FA289936FA00DB9E7F /* NavigationViewModel.swift */; };
		234064FD28993FC300DB9E7F /* Home.swift in Sources */ = {isa = PBXBuildFile; fileRef = 234064FC28993FC300DB9E7F /* Home.swift */; };
/* End PBXBuildFile section */

/* Begin PBXFileReference section */
		234064DF28992D8D00DB9E7F /* Cryptholic.app */ = {isa = PBXFileReference; explicitFileType = wrapper.application; includeInIndex = 0; path = Cryptholic.app; sourceTree = BUILT_PRODUCTS_DIR; };
		234064E228992D8D00DB9E7F /* CryptholicApp.swift */ = {isa = PBXFileReference; lastKnownFileType = sourcecode.swift; path = CryptholicApp.swift; sourceTree = "<group>"; };
		234064E428992D8D00DB9E7F /* ContentView.swift */ = {isa = PBXFileReference; lastKnownFileType = sourcecode.swift; path = ContentView.swift; sourceTree = "<group>"; };
		234064E628992D8E00DB9E7F /* Assets.xcassets */ = {isa = PBXFileReference; lastKnownFileType = folder.assetcatalog; path = Assets.xcassets; sourceTree = "<group>"; };
		234064E928992D8E00DB9E7F /* Preview Assets.xcassets */ = {isa = PBXFileReference; lastKnownFileType = folder.assetcatalog; path = "Preview Assets.xcassets"; sourceTree = "<group>"; };
		234064F428992ECD00DB9E7F /* TabManager.swift */ = {isa = PBXFileReference; lastKnownFileType = sourcecode.swift; path = TabManager.swift; sourceTree = "<group>"; };
		234064F728992FAB00DB9E7F /* NavigationTabs.swift */ = {isa = PBXFileReference; lastKnownFileType = sourcecode.swift; path = NavigationTabs.swift; sourceTree = "<group>"; };
		234064FA289936FA00DB9E7F /* NavigationViewModel.swift */ = {isa = PBXFileReference; lastKnownFileType = sourcecode.swift; path = NavigationViewModel.swift; sourceTree = "<group>"; };
		234064FC28993FC300DB9E7F /* Home.swift */ = {isa = PBXFileReference; lastKnownFileType = sourcecode.swift; path = Home.swift; sourceTree = "<group>"; };
/* End PBXFileReference section */

/* Begin PBXFrameworksBuildPhase section */
		234064DC28992D8D00DB9E7F /* Frameworks */ = {
			isa = PBXFrameworksBuildPhase;
			buildActionMask = 2147483647;
			files = (
			);
			runOnlyForDeploymentPostprocessing = 0;
		};
/* End PBXFrameworksBuildPhase section */

/* Begin PBXGroup section */
		234064D628992D8D00DB9E7F = {
			isa = PBXGroup;
			children = (
				234064E128992D8D00DB9E7F /* Cryptholic */,
				234064E028992D8D00DB9E7F /* Products */,
			);
			sourceTree = "<group>";
		};
		234064E028992D8D00DB9E7F /* Products */ = {
			isa = PBXGroup;
			children = (
				234064DF28992D8D00DB9E7F /* Cryptholic.app */,
			);
			name = Products;
			sourceTree = "<group>";
		};
		234064E128992D8D00DB9E7F /* Cryptholic */ = {
			isa = PBXGroup;
			children = (
				234064F328992E0500DB9E7F /* Utils */,
				234064F228992DF500DB9E7F /* Model */,
				234064F128992DF100DB9E7F /* ViewModel */,
				234064F028992DEF00DB9E7F /* View */,
				234064E228992D8D00DB9E7F /* CryptholicApp.swift */,
				234064E428992D8D00DB9E7F /* ContentView.swift */,
				234064E628992D8E00DB9E7F /* Assets.xcassets */,
				234064E828992D8E00DB9E7F /* Preview Content */,
			);
			path = Cryptholic;
			sourceTree = "<group>";
		};
		234064E828992D8E00DB9E7F /* Preview Content */ = {
			isa = PBXGroup;
			children = (
				234064E928992D8E00DB9E7F /* Preview Assets.xcassets */,
			);
			path = "Preview Content";
			sourceTree = "<group>";
		};
		234064F028992DEF00DB9E7F /* View */ = {
			isa = PBXGroup;
			children = (
				234064F428992ECD00DB9E7F /* TabManager.swift */,
				234064FC28993FC300DB9E7F /* Home.swift */,
			);
			path = View;
			sourceTree = "<group>";
		};
		234064F128992DF100DB9E7F /* ViewModel */ = {
			isa = PBXGroup;
			children = (
				234064F9289936ED00DB9E7F /* Navigation */,
			);
			path = ViewModel;
			sourceTree = "<group>";
		};
		234064F228992DF500DB9E7F /* Model */ = {
			isa = PBXGroup;
			children = (
				234064F628992F9800DB9E7F /* Navigation */,
			);
			path = Model;
			sourceTree = "<group>";
		};
		234064F328992E0500DB9E7F /* Utils */ = {
			isa = PBXGroup;
			children = (
			);
			path = Utils;
			sourceTree = "<group>";
		};
		234064F628992F9800DB9E7F /* Navigation */ = {
			isa = PBXGroup;
			children = (
				234064F728992FAB00DB9E7F /* NavigationTabs.swift */,
			);
			path = Navigation;
			sourceTree = "<group>";
		};
		234064F9289936ED00DB9E7F /* Navigation */ = {
			isa = PBXGroup;
			children = (
				234064FA289936FA00DB9E7F /* NavigationViewModel.swift */,
			);
			path = Navigation;
			sourceTree = "<group>";
		};
/* End PBXGroup section */

/* Begin PBXNativeTarget section */
		234064DE28992D8D00DB9E7F /* Cryptholic */ = {
			isa = PBXNativeTarget;
			buildConfigurationList = 234064ED28992D8E00DB9E7F /* Build configuration list for PBXNativeTarget "Cryptholic" */;
			buildPhases = (
				234064DB28992D8D00DB9E7F /* Sources */,
				234064DC28992D8D00DB9E7F /* Frameworks */,
				234064DD28992D8D00DB9E7F /* Resources */,
			);
			buildRules = (
			);
			dependencies = (
			);
			name = Cryptholic;
			productName = Cryptholic;
			productReference = 234064DF28992D8D00DB9E7F /* Cryptholic.app */;
			productType = "com.apple.product-type.application";
		};
/* End PBXNativeTarget section */

/* Begin PBXProject section */
		234064D728992D8D00DB9E7F /* Project object */ = {
			isa = PBXProject;
			attributes = {
				BuildIndependentTargetsInParallel = 1;
				LastSwiftUpdateCheck = 1400;
				LastUpgradeCheck = 1400;
				TargetAttributes = {
					234064DE28992D8D00DB9E7F = {
						CreatedOnToolsVersion = 14.0;
					};
				};
			};
			buildConfigurationList = 234064DA28992D8D00DB9E7F /* Build configuration list for PBXProject "Cryptholic" */;
			compatibilityVersion = "Xcode 14.0";
			developmentRegion = en;
			hasScannedForEncodings = 0;
			knownRegions = (
				en,
				Base,
			);
			mainGroup = 234064D628992D8D00DB9E7F;
			productRefGroup = 234064E028992D8D00DB9E7F /* Products */;
			projectDirPath = "";
			projectRoot = "";
			targets = (
				234064DE28992D8D00DB9E7F /* Cryptholic */,
			);
		};
/* End PBXProject section */

/* Begin PBXResourcesBuildPhase section */
		234064DD28992D8D00DB9E7F /* Resources */ = {
			isa = PBXResourcesBuildPhase;
			buildActionMask = 2147483647;
			files = (
				234064EA28992D8E00DB9E7F /* Preview Assets.xcassets in Resources */,
				234064E728992D8E00DB9E7F /* Assets.xcassets in Resources */,
			);
			runOnlyForDeploymentPostprocessing = 0;
		};
/* End PBXResourcesBuildPhase section */

/* Begin PBXSourcesBuildPhase section */
		234064DB28992D8D00DB9E7F /* Sources */ = {
			isa = PBXSourcesBuildPhase;
			buildActionMask = 2147483647;
			files = (
				234064E528992D8D00DB9E7F /* ContentView.swift in Sources */,
				234064FB289936FA00DB9E7F /* NavigationViewModel.swift in Sources */,
				234064F828992FAB00DB9E7F /* NavigationTabs.swift in Sources */,
				234064E328992D8D00DB9E7F /* CryptholicApp.swift in Sources */,
				234064FD28993FC300DB9E7F /* Home.swift in Sources */,
				234064F528992ECD00DB9E7F /* TabManager.swift in Sources */,
			);
			runOnlyForDeploymentPostprocessing = 0;
		};
/* End PBXSourcesBuildPhase section */

/* Begin XCBuildConfiguration section */
		234064EB28992D8E00DB9E7F /* Debug */ = {
			isa = XCBuildConfiguration;
			buildSettings = {
				ALWAYS_SEARCH_USER_PATHS = NO;
				CLANG_ANALYZER_NONNULL = YES;
				CLANG_ANALYZER_NUMBER_OBJECT_CONVERSION = YES_AGGRESSIVE;
				CLANG_CXX_LANGUAGE_STANDARD = "gnu++17";
				CLANG_ENABLE_MODULES = YES;
				CLANG_ENABLE_OBJC_ARC = YES;
				CLANG_ENABLE_OBJC_WEAK = YES;
				CLANG_WARN_BLOCK_CAPTURE_AUTORELEASING = YES;
				CLANG_WARN_BOOL_CONVERSION = YES;
				CLANG_WARN_COMMA = YES;
				CLANG_WARN_CONSTANT_CONVERSION = YES;
				CLANG_WARN_DEPRECATED_OBJC_IMPLEMENTATIONS = YES;
				CLANG_WARN_DIRECT_OBJC_ISA_USAGE = YES_ERROR;
				CLANG_WARN_DOCUMENTATION_COMMENTS = YES;
				CLANG_WARN_EMPTY_BODY = YES;
				CLANG_WARN_ENUM_CONVERSION = YES;
				CLANG_WARN_INFINITE_RECURSION = YES;
				CLANG_WARN_INT_CONVERSION = YES;
				CLANG_WARN_NON_LITERAL_NULL_CONVERSION = YES;
				CLANG_WARN_OBJC_IMPLICIT_RETAIN_SELF = YES;
				CLANG_WARN_OBJC_LITERAL_CONVERSION = YES;
				CLANG_WARN_OBJC_ROOT_CLASS = YES_ERROR;
				CLANG_WARN_QUOTED_INCLUDE_IN_FRAMEWORK_HEADER = YES;
				CLANG_WARN_RANGE_LOOP_ANALYSIS = YES;
				CLANG_WARN_STRICT_PROTOTYPES = YES;
				CLANG_WARN_SUSPICIOUS_MOVE = YES;
				CLANG_WARN_UNGUARDED_AVAILABILITY = YES_AGGRESSIVE;
				CLANG_WARN_UNREACHABLE_CODE = YES;
				CLANG_WARN__DUPLICATE_METHOD_MATCH = YES;
				COPY_PHASE_STRIP = NO;
				DEBUG_INFORMATION_FORMAT = dwarf;
				ENABLE_STRICT_OBJC_MSGSEND = YES;
				ENABLE_TESTABILITY = YES;
				GCC_C_LANGUAGE_STANDARD = gnu11;
				GCC_DYNAMIC_NO_PIC = NO;
				GCC_NO_COMMON_BLOCKS = YES;
				GCC_OPTIMIZATION_LEVEL = 0;
				GCC_PREPROCESSOR_DEFINITIONS = (
					"DEBUG=1",
					"$(inherited)",
				);
				GCC_WARN_64_TO_32_BIT_CONVERSION = YES;
				GCC_WARN_ABOUT_RETURN_TYPE = YES_ERROR;
				GCC_WARN_UNDECLARED_SELECTOR = YES;
				GCC_WARN_UNINITIALIZED_AUTOS = YES_AGGRESSIVE;
				GCC_WARN_UNUSED_FUNCTION = YES;
				GCC_WARN_UNUSED_VARIABLE = YES;
				IPHONEOS_DEPLOYMENT_TARGET = 16.0;
				MTL_ENABLE_DEBUG_INFO = INCLUDE_SOURCE;
				MTL_FAST_MATH = YES;
				ONLY_ACTIVE_ARCH = YES;
				SDKROOT = iphoneos;
				SWIFT_ACTIVE_COMPILATION_CONDITIONS = DEBUG;
				SWIFT_OPTIMIZATION_LEVEL = "-Onone";
			};
			name = Debug;
		};
		234064EC28992D8E00DB9E7F /* Release */ = {
			isa = XCBuildConfiguration;
			buildSettings = {
				ALWAYS_SEARCH_USER_PATHS = NO;
				CLANG_ANALYZER_NONNULL = YES;
				CLANG_ANALYZER_NUMBER_OBJECT_CONVERSION = YES_AGGRESSIVE;
				CLANG_CXX_LANGUAGE_STANDARD = "gnu++17";
				CLANG_ENABLE_MODULES = YES;
				CLANG_ENABLE_OBJC_ARC = YES;
				CLANG_ENABLE_OBJC_WEAK = YES;
				CLANG_WARN_BLOCK_CAPTURE_AUTORELEASING = YES;
				CLANG_WARN_BOOL_CONVERSION = YES;
				CLANG_WARN_COMMA = YES;
				CLANG_WARN_CONSTANT_CONVERSION = YES;
				CLANG_WARN_DEPRECATED_OBJC_IMPLEMENTATIONS = YES;
				CLANG_WARN_DIRECT_OBJC_ISA_USAGE = YES_ERROR;
				CLANG_WARN_DOCUMENTATION_COMMENTS = YES;
				CLANG_WARN_EMPTY_BODY = YES;
				CLANG_WARN_ENUM_CONVERSION = YES;
				CLANG_WARN_INFINITE_RECURSION = YES;
				CLANG_WARN_INT_CONVERSION = YES;
				CLANG_WARN_NON_LITERAL_NULL_CONVERSION = YES;
				CLANG_WARN_OBJC_IMPLICIT_RETAIN_SELF = YES;
				CLANG_WARN_OBJC_LITERAL_CONVERSION = YES;
				CLANG_WARN_OBJC_ROOT_CLASS = YES_ERROR;
				CLANG_WARN_QUOTED_INCLUDE_IN_FRAMEWORK_HEADER = YES;
				CLANG_WARN_RANGE_LOOP_ANALYSIS = YES;
				CLANG_WARN_STRICT_PROTOTYPES = YES;
				CLANG_WARN_SUSPICIOUS_MOVE = YES;
				CLANG_WARN_UNGUARDED_AVAILABILITY = YES_AGGRESSIVE;
				CLANG_WARN_UNREACHABLE_CODE = YES;
				CLANG_WARN__DUPLICATE_METHOD_MATCH = YES;
				COPY_PHASE_STRIP = NO;
				DEBUG_INFORMATION_FORMAT = "dwarf-with-dsym";
				ENABLE_NS_ASSERTIONS = NO;
				ENABLE_STRICT_OBJC_MSGSEND = YES;
				GCC_C_LANGUAGE_STANDARD = gnu11;
				GCC_NO_COMMON_BLOCKS = YES;
				GCC_WARN_64_TO_32_BIT_CONVERSION = YES;
				GCC_WARN_ABOUT_RETURN_TYPE = YES_ERROR;
				GCC_WARN_UNDECLARED_SELECTOR = YES;
				GCC_WARN_UNINITIALIZED_AUTOS = YES_AGGRESSIVE;
				GCC_WARN_UNUSED_FUNCTION = YES;
				GCC_WARN_UNUSED_VARIABLE = YES;
				IPHONEOS_DEPLOYMENT_TARGET = 16.0;
				MTL_ENABLE_DEBUG_INFO = NO;
				MTL_FAST_MATH = YES;
				SDKROOT = iphoneos;
				SWIFT_COMPILATION_MODE = wholemodule;
				SWIFT_OPTIMIZATION_LEVEL = "-O";
				VALIDATE_PRODUCT = YES;
			};
			name = Release;
		};
		234064EE28992D8E00DB9E7F /* Debug */ = {
			isa = XCBuildConfiguration;
			buildSettings = {
				ASSETCATALOG_COMPILER_APPICON_NAME = AppIcon;
				ASSETCATALOG_COMPILER_GLOBAL_ACCENT_COLOR_NAME = AccentColor;
				CODE_SIGN_STYLE = Automatic;
				CURRENT_PROJECT_VERSION = 1;
				DEVELOPMENT_ASSET_PATHS = "\"Cryptholic/Preview Content\"";
				DEVELOPMENT_TEAM = 62693BZN4B;
				ENABLE_PREVIEWS = YES;
				GENERATE_INFOPLIST_FILE = YES;
				INFOPLIST_KEY_UIApplicationSceneManifest_Generation = YES;
				INFOPLIST_KEY_UIApplicationSupportsIndirectInputEvents = YES;
				INFOPLIST_KEY_UILaunchScreen_Generation = YES;
				INFOPLIST_KEY_UISupportedInterfaceOrientations_iPad = "UIInterfaceOrientationPortrait UIInterfaceOrientationPortraitUpsideDown UIInterfaceOrientationLandscapeLeft UIInterfaceOrientationLandscapeRight";
				INFOPLIST_KEY_UISupportedInterfaceOrientations_iPhone = "UIInterfaceOrientationPortrait UIInterfaceOrientationLandscapeLeft UIInterfaceOrientationLandscapeRight";
				LD_RUNPATH_SEARCH_PATHS = (
					"$(inherited)",
					"@executable_path/Frameworks",
				);
				MARKETING_VERSION = 1.0;
				PRODUCT_BUNDLE_IDENTIFIER = com.berkaydisli.Cryptholic;
				PRODUCT_NAME = "$(TARGET_NAME)";
				SWIFT_EMIT_LOC_STRINGS = YES;
				SWIFT_VERSION = 5.0;
				TARGETED_DEVICE_FAMILY = "1,2";
			};
			name = Debug;
		};
		234064EF28992D8E00DB9E7F /* Release */ = {
			isa = XCBuildConfiguration;
			buildSettings = {
				ASSETCATALOG_COMPILER_APPICON_NAME = AppIcon;
				ASSETCATALOG_COMPILER_GLOBAL_ACCENT_COLOR_NAME = AccentColor;
				CODE_SIGN_STYLE = Automatic;
				CURRENT_PROJECT_VERSION = 1;
				DEVELOPMENT_ASSET_PATHS = "\"Cryptholic/Preview Content\"";
				DEVELOPMENT_TEAM = 62693BZN4B;
				ENABLE_PREVIEWS = YES;
				GENERATE_INFOPLIST_FILE = YES;
				INFOPLIST_KEY_UIApplicationSceneManifest_Generation = YES;
				INFOPLIST_KEY_UIApplicationSupportsIndirectInputEvents = YES;
				INFOPLIST_KEY_UILaunchScreen_Generation = YES;
				INFOPLIST_KEY_UISupportedInterfaceOrientations_iPad = "UIInterfaceOrientationPortrait UIInterfaceOrientationPortraitUpsideDown UIInterfaceOrientationLandscapeLeft UIInterfaceOrientationLandscapeRight";
				INFOPLIST_KEY_UISupportedInterfaceOrientations_iPhone = "UIInterfaceOrientationPortrait UIInterfaceOrientationLandscapeLeft UIInterfaceOrientationLandscapeRight";
				LD_RUNPATH_SEARCH_PATHS = (
					"$(inherited)",
					"@executable_path/Frameworks",
				);
				MARKETING_VERSION = 1.0;
				PRODUCT_BUNDLE_IDENTIFIER = com.berkaydisli.Cryptholic;
				PRODUCT_NAME = "$(TARGET_NAME)";
				SWIFT_EMIT_LOC_STRINGS = YES;
				SWIFT_VERSION = 5.0;
				TARGETED_DEVICE_FAMILY = "1,2";
			};
			name = Release;
		};
/* End XCBuildConfiguration section */

/* Begin XCConfigurationList section */
		234064DA28992D8D00DB9E7F /* Build configuration list for PBXProject "Cryptholic" */ = {
			isa = XCConfigurationList;
			buildConfigurations = (
				234064EB28992D8E00DB9E7F /* Debug */,
				234064EC28992D8E00DB9E7F /* Release */,
			);
			defaultConfigurationIsVisible = 0;
			defaultConfigurationName = Release;
		};
		234064ED28992D8E00DB9E7F /* Build configuration list for PBXNativeTarget "Cryptholic" */ = {
			isa = XCConfigurationList;
			buildConfigurations = (
				234064EE28992D8E00DB9E7F /* Debug */,
				234064EF28992D8E00DB9E7F /* Release */,
			);
			defaultConfigurationIsVisible = 0;
			defaultConfigurationName = Release;
		};
/* End XCConfigurationList section */
	};
	rootObject = 234064D728992D8D00DB9E7F /* Project object */;
}
