// !$*UTF8*$!
{
	archiveVersion = 1;
	classes = {
	};
	objectVersion = 56;
	objects = {

/* Begin PBXBuildFile section */
		23028C6128A000C500B755D4 /* Launch Screen.storyboard in Resources */ = {isa = PBXBuildFile; fileRef = 23028C6028A000C500B755D4 /* Launch Screen.storyboard */; };
		23028C6328A0045700B755D4 /* RoundedShape.swift in Sources */ = {isa = PBXBuildFile; fileRef = 23028C6228A0045700B755D4 /* RoundedShape.swift */; };
		23028C6728A0081F00B755D4 /* CustomInputView.swift in Sources */ = {isa = PBXBuildFile; fileRef = 23028C6628A0081F00B755D4 /* CustomInputView.swift */; };
		23028C6928A0082C00B755D4 /* CustomPasswordField.swift in Sources */ = {isa = PBXBuildFile; fileRef = 23028C6828A0082C00B755D4 /* CustomPasswordField.swift */; };
		230448BB28A059CF00986672 /* FirebaseAuth in Frameworks */ = {isa = PBXBuildFile; productRef = 230448BA28A059CF00986672 /* FirebaseAuth */; };
		230448BD28A059CF00986672 /* FirebaseFirestore in Frameworks */ = {isa = PBXBuildFile; productRef = 230448BC28A059CF00986672 /* FirebaseFirestore */; };
		230448BF28A059CF00986672 /* FirebaseStorage in Frameworks */ = {isa = PBXBuildFile; productRef = 230448BE28A059CF00986672 /* FirebaseStorage */; };
		230448C228A05CD600986672 /* AuthenticationViewModel.swift in Sources */ = {isa = PBXBuildFile; fileRef = 230448C128A05CD600986672 /* AuthenticationViewModel.swift */; };
		230448C428A0615B00986672 /* Profile.swift in Sources */ = {isa = PBXBuildFile; fileRef = 230448C328A0615B00986672 /* Profile.swift */; };
		230AF61C289F01D6001BCF72 /* SignIn.swift in Sources */ = {isa = PBXBuildFile; fileRef = 230AF61B289F01D6001BCF72 /* SignIn.swift */; };
		230AF61E289F0DEE001BCF72 /* BigButton.swift in Sources */ = {isa = PBXBuildFile; fileRef = 230AF61D289F0DED001BCF72 /* BigButton.swift */; };
		23242DDC289A63BB00B93757 /* CoinsPage.swift in Sources */ = {isa = PBXBuildFile; fileRef = 23242DDB289A63BB00B93757 /* CoinsPage.swift */; };
		23242DE1289A641D00B93757 /* Coins.swift in Sources */ = {isa = PBXBuildFile; fileRef = 23242DE0289A641D00B93757 /* Coins.swift */; };
		23242DE4289A64FE00B93757 /* CoinsViewModel.swift in Sources */ = {isa = PBXBuildFile; fileRef = 23242DE3289A64FE00B93757 /* CoinsViewModel.swift */; };
		23242DE6289A6E2300B93757 /* CoinListCell.swift in Sources */ = {isa = PBXBuildFile; fileRef = 23242DE5289A6E2300B93757 /* CoinListCell.swift */; };
		23242DEB289AA8FC00B93757 /* TopMoversCell.swift in Sources */ = {isa = PBXBuildFile; fileRef = 23242DEA289AA8FC00B93757 /* TopMoversCell.swift */; };
		23242DEE289AAA6A00B93757 /* RefreshableScrollView.swift in Sources */ = {isa = PBXBuildFile; fileRef = 23242DED289AAA6A00B93757 /* RefreshableScrollView.swift */; };
		23278D9B289D0A6B0039A5AB /* CoinPrices.swift in Sources */ = {isa = PBXBuildFile; fileRef = 23278D9A289D0A6B0039A5AB /* CoinPrices.swift */; };
		233E815828A01A3000D037E4 /* GreetHeader.swift in Sources */ = {isa = PBXBuildFile; fileRef = 233E815728A01A3000D037E4 /* GreetHeader.swift */; };
		233E815A28A01AEE00D037E4 /* SignUp.swift in Sources */ = {isa = PBXBuildFile; fileRef = 233E815928A01AEE00D037E4 /* SignUp.swift */; };
		233E815C28A01F8E00D037E4 /* GoogleService-Info.plist in Resources */ = {isa = PBXBuildFile; fileRef = 233E815B28A01F8E00D037E4 /* GoogleService-Info.plist */; };
		234064E328992D8D00DB9E7F /* CryptholicApp.swift in Sources */ = {isa = PBXBuildFile; fileRef = 234064E228992D8D00DB9E7F /* CryptholicApp.swift */; };
		234064E528992D8D00DB9E7F /* ContentView.swift in Sources */ = {isa = PBXBuildFile; fileRef = 234064E428992D8D00DB9E7F /* ContentView.swift */; };
		234064E728992D8E00DB9E7F /* Assets.xcassets in Resources */ = {isa = PBXBuildFile; fileRef = 234064E628992D8E00DB9E7F /* Assets.xcassets */; };
		234064EA28992D8E00DB9E7F /* Preview Assets.xcassets in Resources */ = {isa = PBXBuildFile; fileRef = 234064E928992D8E00DB9E7F /* Preview Assets.xcassets */; };
		234064F528992ECD00DB9E7F /* TabManager.swift in Sources */ = {isa = PBXBuildFile; fileRef = 234064F428992ECD00DB9E7F /* TabManager.swift */; };
		234064F828992FAB00DB9E7F /* NavigationTabs.swift in Sources */ = {isa = PBXBuildFile; fileRef = 234064F728992FAB00DB9E7F /* NavigationTabs.swift */; };
		234064FB289936FA00DB9E7F /* NavigationViewModel.swift in Sources */ = {isa = PBXBuildFile; fileRef = 234064FA289936FA00DB9E7F /* NavigationViewModel.swift */; };
		234064FD28993FC300DB9E7F /* Home.swift in Sources */ = {isa = PBXBuildFile; fileRef = 234064FC28993FC300DB9E7F /* Home.swift */; };
		23864599289B20E10086A2DC /* cryptholic.png in Resources */ = {isa = PBXBuildFile; fileRef = 23864598289B20E10086A2DC /* cryptholic.png */; };
		23AD217728A28D5F005F0D3C /* presentation-2.png in Resources */ = {isa = PBXBuildFile; fileRef = 23AD217428A28D5F005F0D3C /* presentation-2.png */; };
		23AD217828A28D5F005F0D3C /* presentation-3.png in Resources */ = {isa = PBXBuildFile; fileRef = 23AD217528A28D5F005F0D3C /* presentation-3.png */; };
		23AD217928A28D5F005F0D3C /* presentation-1.png in Resources */ = {isa = PBXBuildFile; fileRef = 23AD217628A28D5F005F0D3C /* presentation-1.png */; };
		23AD217B28A28EC2005F0D3C /* logo.png in Resources */ = {isa = PBXBuildFile; fileRef = 23AD217A28A28EC2005F0D3C /* logo.png */; };
		23B8A85E28A02CD2009D1C06 /* SwiftUICharts in Frameworks */ = {isa = PBXBuildFile; productRef = 23B8A85D28A02CD2009D1C06 /* SwiftUICharts */; };
		23B8A86128A02CE3009D1C06 /* Kingfisher in Frameworks */ = {isa = PBXBuildFile; productRef = 23B8A86028A02CE3009D1C06 /* Kingfisher */; };
		23BC424628A14FB8004C11D8 /* GoogleSignIn in Frameworks */ = {isa = PBXBuildFile; productRef = 23BC424528A14FB8004C11D8 /* GoogleSignIn */; };
		23BC424928A1534C004C11D8 /* ApplicationUtility.swift in Sources */ = {isa = PBXBuildFile; fileRef = 23BC424828A1534C004C11D8 /* ApplicationUtility.swift */; };
		23BC424B28A15714004C11D8 /* BigSymbolButton.swift in Sources */ = {isa = PBXBuildFile; fileRef = 23BC424A28A15714004C11D8 /* BigSymbolButton.swift */; };
		23EDFF8D28A1821400BCBE63 /* ChartColorRanges.swift in Sources */ = {isa = PBXBuildFile; fileRef = 23EDFF8C28A1821400BCBE63 /* ChartColorRanges.swift */; };
		23F50C6B289BBCDE0080E8AC /* CoinDetails.swift in Sources */ = {isa = PBXBuildFile; fileRef = 23F50C6A289BBCDE0080E8AC /* CoinDetails.swift */; };
		23F50C6D289BC1900080E8AC /* IconButton.swift in Sources */ = {isa = PBXBuildFile; fileRef = 23F50C6C289BC1900080E8AC /* IconButton.swift */; };
		23F50C6F289BC6450080E8AC /* TimezoneRanges.swift in Sources */ = {isa = PBXBuildFile; fileRef = 23F50C6E289BC6450080E8AC /* TimezoneRanges.swift */; };
/* End PBXBuildFile section */

/* Begin PBXFileReference section */
		23028C6028A000C500B755D4 /* Launch Screen.storyboard */ = {isa = PBXFileReference; lastKnownFileType = file.storyboard; path = "Launch Screen.storyboard"; sourceTree = "<group>"; };
		23028C6228A0045700B755D4 /* RoundedShape.swift */ = {isa = PBXFileReference; lastKnownFileType = sourcecode.swift; path = RoundedShape.swift; sourceTree = "<group>"; };
		23028C6628A0081F00B755D4 /* CustomInputView.swift */ = {isa = PBXFileReference; lastKnownFileType = sourcecode.swift; path = CustomInputView.swift; sourceTree = "<group>"; };
		23028C6828A0082C00B755D4 /* CustomPasswordField.swift */ = {isa = PBXFileReference; lastKnownFileType = sourcecode.swift; path = CustomPasswordField.swift; sourceTree = "<group>"; };
		230448C128A05CD600986672 /* AuthenticationViewModel.swift */ = {isa = PBXFileReference; lastKnownFileType = sourcecode.swift; path = AuthenticationViewModel.swift; sourceTree = "<group>"; };
		230448C328A0615B00986672 /* Profile.swift */ = {isa = PBXFileReference; lastKnownFileType = sourcecode.swift; path = Profile.swift; sourceTree = "<group>"; };
		230AF61B289F01D6001BCF72 /* SignIn.swift */ = {isa = PBXFileReference; lastKnownFileType = sourcecode.swift; path = SignIn.swift; sourceTree = "<group>"; };
		230AF61D289F0DED001BCF72 /* BigButton.swift */ = {isa = PBXFileReference; lastKnownFileType = sourcecode.swift; path = BigButton.swift; sourceTree = "<group>"; };
		23242DDB289A63BB00B93757 /* CoinsPage.swift */ = {isa = PBXFileReference; lastKnownFileType = sourcecode.swift; path = CoinsPage.swift; sourceTree = "<group>"; };
		23242DE0289A641D00B93757 /* Coins.swift */ = {isa = PBXFileReference; lastKnownFileType = sourcecode.swift; path = Coins.swift; sourceTree = "<group>"; };
		23242DE3289A64FE00B93757 /* CoinsViewModel.swift */ = {isa = PBXFileReference; lastKnownFileType = sourcecode.swift; path = CoinsViewModel.swift; sourceTree = "<group>"; };
		23242DE5289A6E2300B93757 /* CoinListCell.swift */ = {isa = PBXFileReference; lastKnownFileType = sourcecode.swift; path = CoinListCell.swift; sourceTree = "<group>"; };
		23242DEA289AA8FC00B93757 /* TopMoversCell.swift */ = {isa = PBXFileReference; lastKnownFileType = sourcecode.swift; path = TopMoversCell.swift; sourceTree = "<group>"; };
		23242DED289AAA6A00B93757 /* RefreshableScrollView.swift */ = {isa = PBXFileReference; lastKnownFileType = sourcecode.swift; path = RefreshableScrollView.swift; sourceTree = "<group>"; };
		23278D9A289D0A6B0039A5AB /* CoinPrices.swift */ = {isa = PBXFileReference; lastKnownFileType = sourcecode.swift; path = CoinPrices.swift; sourceTree = "<group>"; };
		233E815728A01A3000D037E4 /* GreetHeader.swift */ = {isa = PBXFileReference; lastKnownFileType = sourcecode.swift; path = GreetHeader.swift; sourceTree = "<group>"; };
		233E815928A01AEE00D037E4 /* SignUp.swift */ = {isa = PBXFileReference; lastKnownFileType = sourcecode.swift; path = SignUp.swift; sourceTree = "<group>"; };
		233E815B28A01F8E00D037E4 /* GoogleService-Info.plist */ = {isa = PBXFileReference; fileEncoding = 4; lastKnownFileType = text.plist.xml; path = "GoogleService-Info.plist"; sourceTree = "<group>"; };
		234064DF28992D8D00DB9E7F /* Cryptholic.app */ = {isa = PBXFileReference; explicitFileType = wrapper.application; includeInIndex = 0; path = Cryptholic.app; sourceTree = BUILT_PRODUCTS_DIR; };
		234064E228992D8D00DB9E7F /* CryptholicApp.swift */ = {isa = PBXFileReference; lastKnownFileType = sourcecode.swift; path = CryptholicApp.swift; sourceTree = "<group>"; };
		234064E428992D8D00DB9E7F /* ContentView.swift */ = {isa = PBXFileReference; lastKnownFileType = sourcecode.swift; path = ContentView.swift; sourceTree = "<group>"; };
		234064E628992D8E00DB9E7F /* Assets.xcassets */ = {isa = PBXFileReference; lastKnownFileType = folder.assetcatalog; path = Assets.xcassets; sourceTree = "<group>"; };
		234064E928992D8E00DB9E7F /* Preview Assets.xcassets */ = {isa = PBXFileReference; lastKnownFileType = folder.assetcatalog; path = "Preview Assets.xcassets"; sourceTree = "<group>"; };
		234064F428992ECD00DB9E7F /* TabManager.swift */ = {isa = PBXFileReference; lastKnownFileType = sourcecode.swift; path = TabManager.swift; sourceTree = "<group>"; };
		234064F728992FAB00DB9E7F /* NavigationTabs.swift */ = {isa = PBXFileReference; lastKnownFileType = sourcecode.swift; path = NavigationTabs.swift; sourceTree = "<group>"; };
		234064FA289936FA00DB9E7F /* NavigationViewModel.swift */ = {isa = PBXFileReference; lastKnownFileType = sourcecode.swift; path = NavigationViewModel.swift; sourceTree = "<group>"; };
		234064FC28993FC300DB9E7F /* Home.swift */ = {isa = PBXFileReference; lastKnownFileType = sourcecode.swift; path = Home.swift; sourceTree = "<group>"; };
		23864593289B16420086A2DC /* README.md */ = {isa = PBXFileReference; lastKnownFileType = net.daringfireball.markdown; path = README.md; sourceTree = "<group>"; };
		23864598289B20E10086A2DC /* cryptholic.png */ = {isa = PBXFileReference; lastKnownFileType = image.png; path = cryptholic.png; sourceTree = "<group>"; };
		23AD217428A28D5F005F0D3C /* presentation-2.png */ = {isa = PBXFileReference; lastKnownFileType = image.png; path = "presentation-2.png"; sourceTree = "<group>"; };
		23AD217528A28D5F005F0D3C /* presentation-3.png */ = {isa = PBXFileReference; lastKnownFileType = image.png; path = "presentation-3.png"; sourceTree = "<group>"; };
		23AD217628A28D5F005F0D3C /* presentation-1.png */ = {isa = PBXFileReference; lastKnownFileType = image.png; path = "presentation-1.png"; sourceTree = "<group>"; };
		23AD217A28A28EC2005F0D3C /* logo.png */ = {isa = PBXFileReference; lastKnownFileType = image.png; name = logo.png; path = Cryptholic/Assets.xcassets/logoFinal.imageset/logo.png; sourceTree = SOURCE_ROOT; };
		23BC424728A1500D004C11D8 /* Info.plist */ = {isa = PBXFileReference; lastKnownFileType = text.plist; path = Info.plist; sourceTree = "<group>"; };
		23BC424828A1534C004C11D8 /* ApplicationUtility.swift */ = {isa = PBXFileReference; lastKnownFileType = sourcecode.swift; path = ApplicationUtility.swift; sourceTree = "<group>"; };
		23BC424A28A15714004C11D8 /* BigSymbolButton.swift */ = {isa = PBXFileReference; lastKnownFileType = sourcecode.swift; path = BigSymbolButton.swift; sourceTree = "<group>"; };
		23EDFF8C28A1821400BCBE63 /* ChartColorRanges.swift */ = {isa = PBXFileReference; lastKnownFileType = sourcecode.swift; path = ChartColorRanges.swift; sourceTree = "<group>"; };
		23F50C6A289BBCDE0080E8AC /* CoinDetails.swift */ = {isa = PBXFileReference; lastKnownFileType = sourcecode.swift; path = CoinDetails.swift; sourceTree = "<group>"; };
		23F50C6C289BC1900080E8AC /* IconButton.swift */ = {isa = PBXFileReference; lastKnownFileType = sourcecode.swift; path = IconButton.swift; sourceTree = "<group>"; };
		23F50C6E289BC6450080E8AC /* TimezoneRanges.swift */ = {isa = PBXFileReference; lastKnownFileType = sourcecode.swift; path = TimezoneRanges.swift; sourceTree = "<group>"; };
/* End PBXFileReference section */

/* Begin PBXFrameworksBuildPhase section */
		234064DC28992D8D00DB9E7F /* Frameworks */ = {
			isa = PBXFrameworksBuildPhase;
			buildActionMask = 2147483647;
			files = (
				23B8A86128A02CE3009D1C06 /* Kingfisher in Frameworks */,
				230448BD28A059CF00986672 /* FirebaseFirestore in Frameworks */,
				230448BB28A059CF00986672 /* FirebaseAuth in Frameworks */,
				230448BF28A059CF00986672 /* FirebaseStorage in Frameworks */,
				23B8A85E28A02CD2009D1C06 /* SwiftUICharts in Frameworks */,
				23BC424628A14FB8004C11D8 /* GoogleSignIn in Frameworks */,
			);
			runOnlyForDeploymentPostprocessing = 0;
		};
/* End PBXFrameworksBuildPhase section */

/* Begin PBXGroup section */
		230448C028A05C8400986672 /* Authentication */ = {
			isa = PBXGroup;
			children = (
				230448C128A05CD600986672 /* AuthenticationViewModel.swift */,
			);
			path = Authentication;
			sourceTree = "<group>";
		};
		230AF61A289F01A2001BCF72 /* Authorization */ = {
			isa = PBXGroup;
			children = (
				230AF61B289F01D6001BCF72 /* SignIn.swift */,
				233E815928A01AEE00D037E4 /* SignUp.swift */,
			);
			path = Authorization;
			sourceTree = "<group>";
		};
		23242DDF289A63F500B93757 /* Data */ = {
			isa = PBXGroup;
			children = (
				23242DE0289A641D00B93757 /* Coins.swift */,
				23278D9A289D0A6B0039A5AB /* CoinPrices.swift */,
				23F50C6E289BC6450080E8AC /* TimezoneRanges.swift */,
				23EDFF8C28A1821400BCBE63 /* ChartColorRanges.swift */,
			);
			path = Data;
			sourceTree = "<group>";
		};
		23242DE2289A64EB00B93757 /* Data */ = {
			isa = PBXGroup;
			children = (
				23242DE3289A64FE00B93757 /* CoinsViewModel.swift */,
			);
			path = Data;
			sourceTree = "<group>";
		};
		23242DEC289AAA6100B93757 /* Utils */ = {
			isa = PBXGroup;
			children = (
				23242DED289AAA6A00B93757 /* RefreshableScrollView.swift */,
				23028C6228A0045700B755D4 /* RoundedShape.swift */,
				23BC424828A1534C004C11D8 /* ApplicationUtility.swift */,
			);
			path = Utils;
			sourceTree = "<group>";
		};
		234064D628992D8D00DB9E7F = {
			isa = PBXGroup;
			children = (
				23864593289B16420086A2DC /* README.md */,
				23864597289B20940086A2DC /* images */,
				234064E128992D8D00DB9E7F /* Cryptholic */,
				234064E028992D8D00DB9E7F /* Products */,
			);
			sourceTree = "<group>";
		};
		234064E028992D8D00DB9E7F /* Products */ = {
			isa = PBXGroup;
			children = (
				234064DF28992D8D00DB9E7F /* Cryptholic.app */,
			);
			name = Products;
			sourceTree = "<group>";
		};
		234064E128992D8D00DB9E7F /* Cryptholic */ = {
			isa = PBXGroup;
			children = (
				23BC424728A1500D004C11D8 /* Info.plist */,
				23242DEC289AAA6100B93757 /* Utils */,
				234064F328992E0500DB9E7F /* Components */,
				234064F228992DF500DB9E7F /* Model */,
				234064F128992DF100DB9E7F /* ViewModel */,
				234064F028992DEF00DB9E7F /* View */,
				234064E228992D8D00DB9E7F /* CryptholicApp.swift */,
				234064E428992D8D00DB9E7F /* ContentView.swift */,
				233E815B28A01F8E00D037E4 /* GoogleService-Info.plist */,
				23028C6028A000C500B755D4 /* Launch Screen.storyboard */,
				234064E628992D8E00DB9E7F /* Assets.xcassets */,
				234064E828992D8E00DB9E7F /* Preview Content */,
			);
			path = Cryptholic;
			sourceTree = "<group>";
		};
		234064E828992D8E00DB9E7F /* Preview Content */ = {
			isa = PBXGroup;
			children = (
				234064E928992D8E00DB9E7F /* Preview Assets.xcassets */,
			);
			path = "Preview Content";
			sourceTree = "<group>";
		};
		234064F028992DEF00DB9E7F /* View */ = {
			isa = PBXGroup;
			children = (
				234064F428992ECD00DB9E7F /* TabManager.swift */,
				234064FC28993FC300DB9E7F /* Home.swift */,
				23242DDB289A63BB00B93757 /* CoinsPage.swift */,
				230448C328A0615B00986672 /* Profile.swift */,
				23F50C6A289BBCDE0080E8AC /* CoinDetails.swift */,
				230AF61A289F01A2001BCF72 /* Authorization */,
			);
			path = View;
			sourceTree = "<group>";
		};
		234064F128992DF100DB9E7F /* ViewModel */ = {
			isa = PBXGroup;
			children = (
				230448C028A05C8400986672 /* Authentication */,
				23242DE2289A64EB00B93757 /* Data */,
				234064F9289936ED00DB9E7F /* Navigation */,
			);
			path = ViewModel;
			sourceTree = "<group>";
		};
		234064F228992DF500DB9E7F /* Model */ = {
			isa = PBXGroup;
			children = (
				23242DDF289A63F500B93757 /* Data */,
				234064F628992F9800DB9E7F /* Navigation */,
			);
			path = Model;
			sourceTree = "<group>";
		};
		234064F328992E0500DB9E7F /* Components */ = {
			isa = PBXGroup;
			children = (
				23242DE5289A6E2300B93757 /* CoinListCell.swift */,
				23242DEA289AA8FC00B93757 /* TopMoversCell.swift */,
				23F50C6C289BC1900080E8AC /* IconButton.swift */,
				230AF61D289F0DED001BCF72 /* BigButton.swift */,
				23BC424A28A15714004C11D8 /* BigSymbolButton.swift */,
				23028C6628A0081F00B755D4 /* CustomInputView.swift */,
				23028C6828A0082C00B755D4 /* CustomPasswordField.swift */,
				233E815728A01A3000D037E4 /* GreetHeader.swift */,
			);
			path = Components;
			sourceTree = "<group>";
		};
		234064F628992F9800DB9E7F /* Navigation */ = {
			isa = PBXGroup;
			children = (
				234064F728992FAB00DB9E7F /* NavigationTabs.swift */,
			);
			path = Navigation;
			sourceTree = "<group>";
		};
		234064F9289936ED00DB9E7F /* Navigation */ = {
			isa = PBXGroup;
			children = (
				234064FA289936FA00DB9E7F /* NavigationViewModel.swift */,
			);
			path = Navigation;
			sourceTree = "<group>";
		};
		23864597289B20940086A2DC /* images */ = {
			isa = PBXGroup;
			children = (
				23AD217A28A28EC2005F0D3C /* logo.png */,
				23AD217628A28D5F005F0D3C /* presentation-1.png */,
				23AD217428A28D5F005F0D3C /* presentation-2.png */,
				23AD217528A28D5F005F0D3C /* presentation-3.png */,
				23864598289B20E10086A2DC /* cryptholic.png */,
			);
			path = images;
			sourceTree = "<group>";
		};
/* End PBXGroup section */

/* Begin PBXNativeTarget section */
		234064DE28992D8D00DB9E7F /* Cryptholic */ = {
			isa = PBXNativeTarget;
			buildConfigurationList = 234064ED28992D8E00DB9E7F /* Build configuration list for PBXNativeTarget "Cryptholic" */;
			buildPhases = (
				234064DB28992D8D00DB9E7F /* Sources */,
				234064DC28992D8D00DB9E7F /* Frameworks */,
				234064DD28992D8D00DB9E7F /* Resources */,
			);
			buildRules = (
			);
			dependencies = (
			);
			name = Cryptholic;
			packageProductDependencies = (
				23B8A85D28A02CD2009D1C06 /* SwiftUICharts */,
				23B8A86028A02CE3009D1C06 /* Kingfisher */,
				230448BA28A059CF00986672 /* FirebaseAuth */,
				230448BC28A059CF00986672 /* FirebaseFirestore */,
				230448BE28A059CF00986672 /* FirebaseStorage */,
				23BC424528A14FB8004C11D8 /* GoogleSignIn */,
			);
			productName = Cryptholic;
			productReference = 234064DF28992D8D00DB9E7F /* Cryptholic.app */;
			productType = "com.apple.product-type.application";
		};
/* End PBXNativeTarget section */

/* Begin PBXProject section */
		234064D728992D8D00DB9E7F /* Project object */ = {
			isa = PBXProject;
			attributes = {
				BuildIndependentTargetsInParallel = 1;
				LastSwiftUpdateCheck = 1400;
				LastUpgradeCheck = 1400;
				TargetAttributes = {
					234064DE28992D8D00DB9E7F = {
						CreatedOnToolsVersion = 14.0;
					};
				};
			};
			buildConfigurationList = 234064DA28992D8D00DB9E7F /* Build configuration list for PBXProject "Cryptholic" */;
			compatibilityVersion = "Xcode 14.0";
			developmentRegion = en;
			hasScannedForEncodings = 0;
			knownRegions = (
				en,
				Base,
			);
			mainGroup = 234064D628992D8D00DB9E7F;
			packageReferences = (
				23B8A85C28A02CD2009D1C06 /* XCRemoteSwiftPackageReference "SwiftUICharts" */,
				23B8A85F28A02CE3009D1C06 /* XCRemoteSwiftPackageReference "Kingfisher" */,
				230448B928A059CF00986672 /* XCRemoteSwiftPackageReference "firebase-ios-sdk" */,
				23BC424428A14FB8004C11D8 /* XCRemoteSwiftPackageReference "GoogleSignIn-iOS" */,
			);
			productRefGroup = 234064E028992D8D00DB9E7F /* Products */;
			projectDirPath = "";
			projectRoot = "";
			targets = (
				234064DE28992D8D00DB9E7F /* Cryptholic */,
			);
		};
/* End PBXProject section */

/* Begin PBXResourcesBuildPhase section */
		234064DD28992D8D00DB9E7F /* Resources */ = {
			isa = PBXResourcesBuildPhase;
			buildActionMask = 2147483647;
			files = (
				23AD217728A28D5F005F0D3C /* presentation-2.png in Resources */,
				23864599289B20E10086A2DC /* cryptholic.png in Resources */,
				23AD217B28A28EC2005F0D3C /* logo.png in Resources */,
				234064EA28992D8E00DB9E7F /* Preview Assets.xcassets in Resources */,
				233E815C28A01F8E00D037E4 /* GoogleService-Info.plist in Resources */,
				23AD217828A28D5F005F0D3C /* presentation-3.png in Resources */,
				23028C6128A000C500B755D4 /* Launch Screen.storyboard in Resources */,
				234064E728992D8E00DB9E7F /* Assets.xcassets in Resources */,
				23AD217928A28D5F005F0D3C /* presentation-1.png in Resources */,
			);
			runOnlyForDeploymentPostprocessing = 0;
		};
/* End PBXResourcesBuildPhase section */

/* Begin PBXSourcesBuildPhase section */
		234064DB28992D8D00DB9E7F /* Sources */ = {
			isa = PBXSourcesBuildPhase;
			buildActionMask = 2147483647;
			files = (
				23242DEB289AA8FC00B93757 /* TopMoversCell.swift in Sources */,
				234064E528992D8D00DB9E7F /* ContentView.swift in Sources */,
				23F50C6D289BC1900080E8AC /* IconButton.swift in Sources */,
				23242DE4289A64FE00B93757 /* CoinsViewModel.swift in Sources */,
				23242DDC289A63BB00B93757 /* CoinsPage.swift in Sources */,
				23BC424B28A15714004C11D8 /* BigSymbolButton.swift in Sources */,
				23EDFF8D28A1821400BCBE63 /* ChartColorRanges.swift in Sources */,
				230AF61C289F01D6001BCF72 /* SignIn.swift in Sources */,
				23F50C6B289BBCDE0080E8AC /* CoinDetails.swift in Sources */,
				23242DE1289A641D00B93757 /* Coins.swift in Sources */,
				230AF61E289F0DEE001BCF72 /* BigButton.swift in Sources */,
				23242DE6289A6E2300B93757 /* CoinListCell.swift in Sources */,
				23F50C6F289BC6450080E8AC /* TimezoneRanges.swift in Sources */,
				23028C6928A0082C00B755D4 /* CustomPasswordField.swift in Sources */,
				230448C228A05CD600986672 /* AuthenticationViewModel.swift in Sources */,
				233E815828A01A3000D037E4 /* GreetHeader.swift in Sources */,
				233E815A28A01AEE00D037E4 /* SignUp.swift in Sources */,
				234064FB289936FA00DB9E7F /* NavigationViewModel.swift in Sources */,
				230448C428A0615B00986672 /* Profile.swift in Sources */,
				23BC424928A1534C004C11D8 /* ApplicationUtility.swift in Sources */,
				23278D9B289D0A6B0039A5AB /* CoinPrices.swift in Sources */,
				234064F828992FAB00DB9E7F /* NavigationTabs.swift in Sources */,
				23028C6328A0045700B755D4 /* RoundedShape.swift in Sources */,
				234064E328992D8D00DB9E7F /* CryptholicApp.swift in Sources */,
				234064FD28993FC300DB9E7F /* Home.swift in Sources */,
				234064F528992ECD00DB9E7F /* TabManager.swift in Sources */,
				23242DEE289AAA6A00B93757 /* RefreshableScrollView.swift in Sources */,
				23028C6728A0081F00B755D4 /* CustomInputView.swift in Sources */,
			);
			runOnlyForDeploymentPostprocessing = 0;
		};
/* End PBXSourcesBuildPhase section */

/* Begin XCBuildConfiguration section */
		234064EB28992D8E00DB9E7F /* Debug */ = {
			isa = XCBuildConfiguration;
			buildSettings = {
				ALWAYS_SEARCH_USER_PATHS = NO;
				CLANG_ANALYZER_NONNULL = YES;
				CLANG_ANALYZER_NUMBER_OBJECT_CONVERSION = YES_AGGRESSIVE;
				CLANG_CXX_LANGUAGE_STANDARD = "gnu++17";
				CLANG_ENABLE_MODULES = YES;
				CLANG_ENABLE_OBJC_ARC = YES;
				CLANG_ENABLE_OBJC_WEAK = YES;
				CLANG_WARN_BLOCK_CAPTURE_AUTORELEASING = YES;
				CLANG_WARN_BOOL_CONVERSION = YES;
				CLANG_WARN_COMMA = YES;
				CLANG_WARN_CONSTANT_CONVERSION = YES;
				CLANG_WARN_DEPRECATED_OBJC_IMPLEMENTATIONS = YES;
				CLANG_WARN_DIRECT_OBJC_ISA_USAGE = YES_ERROR;
				CLANG_WARN_DOCUMENTATION_COMMENTS = YES;
				CLANG_WARN_EMPTY_BODY = YES;
				CLANG_WARN_ENUM_CONVERSION = YES;
				CLANG_WARN_INFINITE_RECURSION = YES;
				CLANG_WARN_INT_CONVERSION = YES;
				CLANG_WARN_NON_LITERAL_NULL_CONVERSION = YES;
				CLANG_WARN_OBJC_IMPLICIT_RETAIN_SELF = YES;
				CLANG_WARN_OBJC_LITERAL_CONVERSION = YES;
				CLANG_WARN_OBJC_ROOT_CLASS = YES_ERROR;
				CLANG_WARN_QUOTED_INCLUDE_IN_FRAMEWORK_HEADER = YES;
				CLANG_WARN_RANGE_LOOP_ANALYSIS = YES;
				CLANG_WARN_STRICT_PROTOTYPES = YES;
				CLANG_WARN_SUSPICIOUS_MOVE = YES;
				CLANG_WARN_UNGUARDED_AVAILABILITY = YES_AGGRESSIVE;
				CLANG_WARN_UNREACHABLE_CODE = YES;
				CLANG_WARN__DUPLICATE_METHOD_MATCH = YES;
				COPY_PHASE_STRIP = NO;
				DEBUG_INFORMATION_FORMAT = dwarf;
				ENABLE_STRICT_OBJC_MSGSEND = YES;
				ENABLE_TESTABILITY = YES;
				GCC_C_LANGUAGE_STANDARD = gnu11;
				GCC_DYNAMIC_NO_PIC = NO;
				GCC_NO_COMMON_BLOCKS = YES;
				GCC_OPTIMIZATION_LEVEL = 0;
				GCC_PREPROCESSOR_DEFINITIONS = (
					"DEBUG=1",
					"$(inherited)",
				);
				GCC_WARN_64_TO_32_BIT_CONVERSION = YES;
				GCC_WARN_ABOUT_RETURN_TYPE = YES_ERROR;
				GCC_WARN_UNDECLARED_SELECTOR = YES;
				GCC_WARN_UNINITIALIZED_AUTOS = YES_AGGRESSIVE;
				GCC_WARN_UNUSED_FUNCTION = YES;
				GCC_WARN_UNUSED_VARIABLE = YES;
				IPHONEOS_DEPLOYMENT_TARGET = 16.0;
				MTL_ENABLE_DEBUG_INFO = INCLUDE_SOURCE;
				MTL_FAST_MATH = YES;
				ONLY_ACTIVE_ARCH = YES;
				SDKROOT = iphoneos;
				SWIFT_ACTIVE_COMPILATION_CONDITIONS = DEBUG;
				SWIFT_OPTIMIZATION_LEVEL = "-Onone";
			};
			name = Debug;
		};
		234064EC28992D8E00DB9E7F /* Release */ = {
			isa = XCBuildConfiguration;
			buildSettings = {
				ALWAYS_SEARCH_USER_PATHS = NO;
				CLANG_ANALYZER_NONNULL = YES;
				CLANG_ANALYZER_NUMBER_OBJECT_CONVERSION = YES_AGGRESSIVE;
				CLANG_CXX_LANGUAGE_STANDARD = "gnu++17";
				CLANG_ENABLE_MODULES = YES;
				CLANG_ENABLE_OBJC_ARC = YES;
				CLANG_ENABLE_OBJC_WEAK = YES;
				CLANG_WARN_BLOCK_CAPTURE_AUTORELEASING = YES;
				CLANG_WARN_BOOL_CONVERSION = YES;
				CLANG_WARN_COMMA = YES;
				CLANG_WARN_CONSTANT_CONVERSION = YES;
				CLANG_WARN_DEPRECATED_OBJC_IMPLEMENTATIONS = YES;
				CLANG_WARN_DIRECT_OBJC_ISA_USAGE = YES_ERROR;
				CLANG_WARN_DOCUMENTATION_COMMENTS = YES;
				CLANG_WARN_EMPTY_BODY = YES;
				CLANG_WARN_ENUM_CONVERSION = YES;
				CLANG_WARN_INFINITE_RECURSION = YES;
				CLANG_WARN_INT_CONVERSION = YES;
				CLANG_WARN_NON_LITERAL_NULL_CONVERSION = YES;
				CLANG_WARN_OBJC_IMPLICIT_RETAIN_SELF = YES;
				CLANG_WARN_OBJC_LITERAL_CONVERSION = YES;
				CLANG_WARN_OBJC_ROOT_CLASS = YES_ERROR;
				CLANG_WARN_QUOTED_INCLUDE_IN_FRAMEWORK_HEADER = YES;
				CLANG_WARN_RANGE_LOOP_ANALYSIS = YES;
				CLANG_WARN_STRICT_PROTOTYPES = YES;
				CLANG_WARN_SUSPICIOUS_MOVE = YES;
				CLANG_WARN_UNGUARDED_AVAILABILITY = YES_AGGRESSIVE;
				CLANG_WARN_UNREACHABLE_CODE = YES;
				CLANG_WARN__DUPLICATE_METHOD_MATCH = YES;
				COPY_PHASE_STRIP = NO;
				DEBUG_INFORMATION_FORMAT = "dwarf-with-dsym";
				ENABLE_NS_ASSERTIONS = NO;
				ENABLE_STRICT_OBJC_MSGSEND = YES;
				GCC_C_LANGUAGE_STANDARD = gnu11;
				GCC_NO_COMMON_BLOCKS = YES;
				GCC_WARN_64_TO_32_BIT_CONVERSION = YES;
				GCC_WARN_ABOUT_RETURN_TYPE = YES_ERROR;
				GCC_WARN_UNDECLARED_SELECTOR = YES;
				GCC_WARN_UNINITIALIZED_AUTOS = YES_AGGRESSIVE;
				GCC_WARN_UNUSED_FUNCTION = YES;
				GCC_WARN_UNUSED_VARIABLE = YES;
				IPHONEOS_DEPLOYMENT_TARGET = 16.0;
				MTL_ENABLE_DEBUG_INFO = NO;
				MTL_FAST_MATH = YES;
				SDKROOT = iphoneos;
				SWIFT_COMPILATION_MODE = wholemodule;
				SWIFT_OPTIMIZATION_LEVEL = "-O";
				VALIDATE_PRODUCT = YES;
			};
			name = Release;
		};
		234064EE28992D8E00DB9E7F /* Debug */ = {
			isa = XCBuildConfiguration;
			buildSettings = {
				ASSETCATALOG_COMPILER_APPICON_NAME = AppIcon;
				ASSETCATALOG_COMPILER_GLOBAL_ACCENT_COLOR_NAME = AccentColor;
				CODE_SIGN_STYLE = Automatic;
				CURRENT_PROJECT_VERSION = 1;
				DEVELOPMENT_ASSET_PATHS = "\"Cryptholic/Preview Content\"";
				DEVELOPMENT_TEAM = 62693BZN4B;
				ENABLE_PREVIEWS = YES;
				GENERATE_INFOPLIST_FILE = YES;
				INFOPLIST_FILE = Cryptholic/Info.plist;
				INFOPLIST_KEY_UIApplicationSceneManifest_Generation = YES;
				INFOPLIST_KEY_UIApplicationSupportsIndirectInputEvents = YES;
				INFOPLIST_KEY_UILaunchScreen_Generation = YES;
				INFOPLIST_KEY_UILaunchStoryboardName = "Launch Screen.storyboard";
				INFOPLIST_KEY_UISupportedInterfaceOrientations_iPad = "UIInterfaceOrientationPortrait UIInterfaceOrientationPortraitUpsideDown UIInterfaceOrientationLandscapeLeft UIInterfaceOrientationLandscapeRight";
				INFOPLIST_KEY_UISupportedInterfaceOrientations_iPhone = "UIInterfaceOrientationPortrait UIInterfaceOrientationLandscapeLeft UIInterfaceOrientationLandscapeRight";
				LD_RUNPATH_SEARCH_PATHS = (
					"$(inherited)",
					"@executable_path/Frameworks",
				);
				MARKETING_VERSION = 1.0;
				PRODUCT_BUNDLE_IDENTIFIER = com.berkaydisli.Cryptholic;
				PRODUCT_NAME = "$(TARGET_NAME)";
				SWIFT_EMIT_LOC_STRINGS = YES;
				SWIFT_VERSION = 5.0;
				TARGETED_DEVICE_FAMILY = "1,2";
			};
			name = Debug;
		};
		234064EF28992D8E00DB9E7F /* Release */ = {
			isa = XCBuildConfiguration;
			buildSettings = {
				ASSETCATALOG_COMPILER_APPICON_NAME = AppIcon;
				ASSETCATALOG_COMPILER_GLOBAL_ACCENT_COLOR_NAME = AccentColor;
				CODE_SIGN_STYLE = Automatic;
				CURRENT_PROJECT_VERSION = 1;
				DEVELOPMENT_ASSET_PATHS = "\"Cryptholic/Preview Content\"";
				DEVELOPMENT_TEAM = 62693BZN4B;
				ENABLE_PREVIEWS = YES;
				GENERATE_INFOPLIST_FILE = YES;
				INFOPLIST_FILE = Cryptholic/Info.plist;
				INFOPLIST_KEY_UIApplicationSceneManifest_Generation = YES;
				INFOPLIST_KEY_UIApplicationSupportsIndirectInputEvents = YES;
				INFOPLIST_KEY_UILaunchScreen_Generation = YES;
				INFOPLIST_KEY_UILaunchStoryboardName = "Launch Screen.storyboard";
				INFOPLIST_KEY_UISupportedInterfaceOrientations_iPad = "UIInterfaceOrientationPortrait UIInterfaceOrientationPortraitUpsideDown UIInterfaceOrientationLandscapeLeft UIInterfaceOrientationLandscapeRight";
				INFOPLIST_KEY_UISupportedInterfaceOrientations_iPhone = "UIInterfaceOrientationPortrait UIInterfaceOrientationLandscapeLeft UIInterfaceOrientationLandscapeRight";
				LD_RUNPATH_SEARCH_PATHS = (
					"$(inherited)",
					"@executable_path/Frameworks",
				);
				MARKETING_VERSION = 1.0;
				PRODUCT_BUNDLE_IDENTIFIER = com.berkaydisli.Cryptholic;
				PRODUCT_NAME = "$(TARGET_NAME)";
				SWIFT_EMIT_LOC_STRINGS = YES;
				SWIFT_VERSION = 5.0;
				TARGETED_DEVICE_FAMILY = "1,2";
			};
			name = Release;
		};
/* End XCBuildConfiguration section */

/* Begin XCConfigurationList section */
		234064DA28992D8D00DB9E7F /* Build configuration list for PBXProject "Cryptholic" */ = {
			isa = XCConfigurationList;
			buildConfigurations = (
				234064EB28992D8E00DB9E7F /* Debug */,
				234064EC28992D8E00DB9E7F /* Release */,
			);
			defaultConfigurationIsVisible = 0;
			defaultConfigurationName = Release;
		};
		234064ED28992D8E00DB9E7F /* Build configuration list for PBXNativeTarget "Cryptholic" */ = {
			isa = XCConfigurationList;
			buildConfigurations = (
				234064EE28992D8E00DB9E7F /* Debug */,
				234064EF28992D8E00DB9E7F /* Release */,
			);
			defaultConfigurationIsVisible = 0;
			defaultConfigurationName = Release;
		};
/* End XCConfigurationList section */

/* Begin XCRemoteSwiftPackageReference section */
		230448B928A059CF00986672 /* XCRemoteSwiftPackageReference "firebase-ios-sdk" */ = {
			isa = XCRemoteSwiftPackageReference;
			repositoryURL = "https://github.com/firebase/firebase-ios-sdk";
			requirement = {
				branch = master;
				kind = branch;
			};
		};
		23B8A85C28A02CD2009D1C06 /* XCRemoteSwiftPackageReference "SwiftUICharts" */ = {
			isa = XCRemoteSwiftPackageReference;
			repositoryURL = "https://github.com/willdale/SwiftUICharts";
			requirement = {
				kind = upToNextMajorVersion;
				minimumVersion = 2.0.0;
			};
		};
		23B8A85F28A02CE3009D1C06 /* XCRemoteSwiftPackageReference "Kingfisher" */ = {
			isa = XCRemoteSwiftPackageReference;
			repositoryURL = "https://github.com/onevcat/Kingfisher";
			requirement = {
				kind = upToNextMajorVersion;
				minimumVersion = 7.0.0;
			};
		};
		23BC424428A14FB8004C11D8 /* XCRemoteSwiftPackageReference "GoogleSignIn-iOS" */ = {
			isa = XCRemoteSwiftPackageReference;
			repositoryURL = "https://github.com/google/GoogleSignIn-iOS";
			requirement = {
				branch = main;
				kind = branch;
			};
		};
/* End XCRemoteSwiftPackageReference section */

/* Begin XCSwiftPackageProductDependency section */
		230448BA28A059CF00986672 /* FirebaseAuth */ = {
			isa = XCSwiftPackageProductDependency;
			package = 230448B928A059CF00986672 /* XCRemoteSwiftPackageReference "firebase-ios-sdk" */;
			productName = FirebaseAuth;
		};
		230448BC28A059CF00986672 /* FirebaseFirestore */ = {
			isa = XCSwiftPackageProductDependency;
			package = 230448B928A059CF00986672 /* XCRemoteSwiftPackageReference "firebase-ios-sdk" */;
			productName = FirebaseFirestore;
		};
		230448BE28A059CF00986672 /* FirebaseStorage */ = {
			isa = XCSwiftPackageProductDependency;
			package = 230448B928A059CF00986672 /* XCRemoteSwiftPackageReference "firebase-ios-sdk" */;
			productName = FirebaseStorage;
		};
		23B8A85D28A02CD2009D1C06 /* SwiftUICharts */ = {
			isa = XCSwiftPackageProductDependency;
			package = 23B8A85C28A02CD2009D1C06 /* XCRemoteSwiftPackageReference "SwiftUICharts" */;
			productName = SwiftUICharts;
		};
		23B8A86028A02CE3009D1C06 /* Kingfisher */ = {
			isa = XCSwiftPackageProductDependency;
			package = 23B8A85F28A02CE3009D1C06 /* XCRemoteSwiftPackageReference "Kingfisher" */;
			productName = Kingfisher;
		};
		23BC424528A14FB8004C11D8 /* GoogleSignIn */ = {
			isa = XCSwiftPackageProductDependency;
			package = 23BC424428A14FB8004C11D8 /* XCRemoteSwiftPackageReference "GoogleSignIn-iOS" */;
			productName = GoogleSignIn;
		};
/* End XCSwiftPackageProductDependency section */
	};
	rootObject = 234064D728992D8D00DB9E7F /* Project object */;
}
